
Microsoft Visual Studio Solution File, Format Version 12.00
# Visual Studio Version 16
VisualStudioVersion = 16.0.29905.134
MinimumVisualStudioVersion = 10.0.40219.1
Project("{FAE04EC0-301F-11D3-BF4B-00C04F79EFBC}") = "WebApplication1", "WebApplication1\WebApplication1.csproj", "{FFB610C6-2ED8-481D-A862-6979BD30F7E1}"
EndProject
Global
	GlobalSection(SolutionConfigurationPlatforms) = preSolution
		Debug|Any CPU = Debug|Any CPU
		Release|Any CPU = Release|Any CPU
	EndGlobalSection
	GlobalSection(ProjectConfigurationPlatforms) = postSolution
		{FFB610C6-2ED8-481D-A862-6979BD30F7E1}.Debug|Any CPU.ActiveCfg = Debug|Any CPU
		{FFB610C6-2ED8-481D-A862-6979BD30F7E1}.Debug|Any CPU.Build.0 = Debug|Any CPU
		{FFB610C6-2ED8-481D-A862-6979BD30F7E1}.Release|Any CPU.ActiveCfg = Release|Any CPU
		{FFB610C6-2ED8-481D-A862-6979BD30F7E1}.Release|Any CPU.Build.0 = Release|Any CPU
	EndGlobalSection
	GlobalSection(SolutionProperties) = preSolution
		HideSolutionNode = FALSE
	EndGlobalSection
	GlobalSection(ExtensibilityGlobals) = postSolution
		SolutionGuid = {B2CF3347-CB2F-4397-ACE6-3E5C8616A8AC}
	EndGlobalSection
EndGlobal
